
Microsoft Visual Studio Solution File, Format Version 12.00
# Visual Studio Version 17
VisualStudioVersion = 17.8.34511.84
MinimumVisualStudioVersion = 10.0.40219.1
Project("{FAE04EC0-301F-11D3-BF4B-00C04F79EFBC}") = "Quize-api", "Quize-api\Quize-api.csproj", "{FBE0B8B1-780C-46B0-8561-6760635BAD90}"
EndProject
Global
	GlobalSection(SolutionConfigurationPlatforms) = preSolution
		Debug|Any CPU = Debug|Any CPU
		Release|Any CPU = Release|Any CPU
	EndGlobalSection
	GlobalSection(ProjectConfigurationPlatforms) = postSolution
		{FBE0B8B1-780C-46B0-8561-6760635BAD90}.Debug|Any CPU.ActiveCfg = Debug|Any CPU
		{FBE0B8B1-780C-46B0-8561-6760635BAD90}.Debug|Any CPU.Build.0 = Debug|Any CPU
		{FBE0B8B1-780C-46B0-8561-6760635BAD90}.Release|Any CPU.ActiveCfg = Release|Any CPU
		{FBE0B8B1-780C-46B0-8561-6760635BAD90}.Release|Any CPU.Build.0 = Release|Any CPU
	EndGlobalSection
	GlobalSection(SolutionProperties) = preSolution
		HideSolutionNode = FALSE
	EndGlobalSection
	GlobalSection(ExtensibilityGlobals) = postSolution
		SolutionGuid = {1546E987-F70D-4FC4-8172-A9884A7186A9}
	EndGlobalSection
EndGlobal
